
Microsoft Visual Studio Solution File, Format Version 12.00
# Visual Studio Version 17
VisualStudioVersion = 17.1.32328.378
MinimumVisualStudioVersion = 10.0.40219.1
Project("{9A19103F-16F7-4668-BE54-9A1E7A4F7556}") = "Sample.CQRS.Api", "Sample.CQRS.Api\Sample.CQRS.Api.csproj", "{3BE20519-C127-4299-BC2E-6C12059A8894}"
EndProject
Global
	GlobalSection(SolutionConfigurationPlatforms) = preSolution
		Debug|Any CPU = Debug|Any CPU
		Release|Any CPU = Release|Any CPU
	EndGlobalSection
	GlobalSection(ProjectConfigurationPlatforms) = postSolution
		{3BE20519-C127-4299-BC2E-6C12059A8894}.Debug|Any CPU.ActiveCfg = Debug|Any CPU
		{3BE20519-C127-4299-BC2E-6C12059A8894}.Debug|Any CPU.Build.0 = Debug|Any CPU
		{3BE20519-C127-4299-BC2E-6C12059A8894}.Release|Any CPU.ActiveCfg = Release|Any CPU
		{3BE20519-C127-4299-BC2E-6C12059A8894}.Release|Any CPU.Build.0 = Release|Any CPU
	EndGlobalSection
	GlobalSection(SolutionProperties) = preSolution
		HideSolutionNode = FALSE
	EndGlobalSection
	GlobalSection(ExtensibilityGlobals) = postSolution
		SolutionGuid = {56C0B4D3-DD5E-4498-A31D-F17587E88145}
	EndGlobalSection
EndGlobal
